
Microsoft Visual Studio Solution File, Format Version 12.00
# Visual Studio 15
VisualStudioVersion = 15.0.33026.149
MinimumVisualStudioVersion = 10.0.40219.1
Project("{8BC9CEB8-8B4A-11D0-8D11-00A0C91BC942}") = "Tracker", "Tracker\Tracker.vcxproj", "{E8FCC03E-56F0-4A6F-93B2-DEB9DAD7C7C1}"
EndProject
Global
	GlobalSection(SolutionConfigurationPlatforms) = preSolution
		Debug|x64 = Debug|x64
		Debug|x86 = Debug|x86
		Release|x64 = Release|x64
		Release|x86 = Release|x86
	EndGlobalSection
	GlobalSection(ProjectConfigurationPlatforms) = postSolution
		{E8FCC03E-56F0-4A6F-93B2-DEB9DAD7C7C1}.Debug|x64.ActiveCfg = Debug|x64
		{E8FCC03E-56F0-4A6F-93B2-DEB9DAD7C7C1}.Debug|x64.Build.0 = Debug|x64
		{E8FCC03E-56F0-4A6F-93B2-DEB9DAD7C7C1}.Debug|x86.ActiveCfg = Debug|Win32
		{E8FCC03E-56F0-4A6F-93B2-DEB9DAD7C7C1}.Debug|x86.Build.0 = Debug|Win32
		{E8FCC03E-56F0-4A6F-93B2-DEB9DAD7C7C1}.Release|x64.ActiveCfg = Release|x64
		{E8FCC03E-56F0-4A6F-93B2-DEB9DAD7C7C1}.Release|x64.Build.0 = Release|x64
		{E8FCC03E-56F0-4A6F-93B2-DEB9DAD7C7C1}.Release|x86.ActiveCfg = Release|Win32
		{E8FCC03E-56F0-4A6F-93B2-DEB9DAD7C7C1}.Release|x86.Build.0 = Release|Win32
	EndGlobalSection
	GlobalSection(SolutionProperties) = preSolution
		HideSolutionNode = FALSE
	EndGlobalSection
	GlobalSection(ExtensibilityGlobals) = postSolution
		SolutionGuid = {6552FC9F-807D-48CD-AFD0-D0CDBD14E9A7}
	EndGlobalSection
EndGlobal
